
Microsoft Visual Studio Solution File, Format Version 12.00
# Visual Studio Version 17
VisualStudioVersion = 17.13.35828.75 d17.13
MinimumVisualStudioVersion = 10.0.40219.1
Project("{888888A0-9F3D-457C-B088-3A5042F75D52}") = "app", "app\app.pyproj", "{3614A2D6-6CC8-4E4F-99EE-56819C828ABF}"
EndProject
Global
	GlobalSection(SolutionConfigurationPlatforms) = preSolution
		Debug|Any CPU = Debug|Any CPU
		Release|Any CPU = Release|Any CPU
	EndGlobalSection
	GlobalSection(ProjectConfigurationPlatforms) = postSolution
		{3614A2D6-6CC8-4E4F-99EE-56819C828ABF}.Debug|Any CPU.ActiveCfg = Debug|Any CPU
		{3614A2D6-6CC8-4E4F-99EE-56819C828ABF}.Release|Any CPU.ActiveCfg = Release|Any CPU
	EndGlobalSection
	GlobalSection(SolutionProperties) = preSolution
		HideSolutionNode = FALSE
	EndGlobalSection
	GlobalSection(ExtensibilityGlobals) = postSolution
		SolutionGuid = {3EE0A12A-CB51-4FC5-AAD9-A2A181FCF7F2}
	EndGlobalSection
EndGlobal
